<?xml version="1.0" encoding="utf-8"?>
<Project ToolsVersion="4.0" xmlns="http://schemas.microsoft.com/developer/msbuild/2003">
  <ItemGroup>
    <Filter Include="Source Files">
      <UniqueIdentifier>{4FC737F1-C7A5-4376-A066-2A32D752A2FF}</UniqueIdentifier>
      <Extensions>cpp;c;cc;cxx;def;odl;idl;hpj;bat;asm;asmx</Extensions>
    </Filter>
    <Filter Include="Header Files">
      <UniqueIdentifier>{93995380-89BD-4b04-88EB-625FBE52EBFB}</UniqueIdentifier>
      <Extensions>h;hpp;hxx;hm;inl;inc;xsd</Extensions>
    </Filter>
    <Filter Include="Resource Files">
      <UniqueIdentifier>{67DA6AB6-F800-4c08-8B7A-83BB121AAD01}</UniqueIdentifier>
      <Extensions>rc;ico;cur;bmp;dlg;rc2;rct;bin;rgs;gif;jpg;jpeg;jpe;resx;tiff;tif;png;wav;mfcribbon-ms</Extensions>
    </Filter>
    <Filter Include="Header Files\Game Entities">
      <UniqueIdentifier>{4299bf8d-2543-4e3a-8839-eab43e24665a}</UniqueIdentifier>
    </Filter>
    <Filter Include="Header Files\Display Tools">
      <UniqueIdentifier>{c95c9b34-9410-4eea-ba5e-21cfdef81c87}</UniqueIdentifier>
    </Filter>
    <Filter Include="Header Files\Images">
      <UniqueIdentifier>{ef49de13-5da5-4793-8b1c-0e36912a86c2}</UniqueIdentifier>
    </Filter>
    <Filter Include="Header Files\Controller">
      <UniqueIdentifier>{cfa16f4f-163b-4d95-9aea-88a2bbeadbec}</UniqueIdentifier>
    </Filter>
    <Filter Include="Header Files\Maths">
      <UniqueIdentifier>{0d7a37d0-6a58-4501-89f1-3591cd6c77ed}</UniqueIdentifier>
    </Filter>
    <Filter Include="Header Files\Game">
      <UniqueIdentifier>{aa25d53e-2ce2-4a03-a041-c42f0266880f}</UniqueIdentifier>
    </Filter>
    <Filter Include="Source Files\Game Entities">
      <UniqueIdentifier>{be55b0a5-cf41-4da1-8262-1f407cb29f60}</UniqueIdentifier>
    </Filter>
    <Filter Include="Source Files\Display Tools">
      <UniqueIdentifier>{e0dc7591-32cf-4b5d-b225-551a9215b8bd}</UniqueIdentifier>
    </Filter>
    <Filter Include="Source Files\Images">
      <UniqueIdentifier>{991b456d-d250-4f5a-98b6-e0e8c09ede2c}</UniqueIdentifier>
    </Filter>
    <Filter Include="Source Files\Controller">
      <UniqueIdentifier>{27b6c635-33a5-4fba-8995-a0e3ba876509}</UniqueIdentifier>
    </Filter>
    <Filter Include="Source Files\Maths">
      <UniqueIdentifier>{1f98884d-1e8d-4b3b-879f-550b951599e3}</UniqueIdentifier>
    </Filter>
    <Filter Include="Source Files\Game">
      <UniqueIdentifier>{36cd8aa2-389f-442a-b3d5-0b0d44f4ce86}</UniqueIdentifier>
    </Filter>
  </ItemGroup>
  <ItemGroup>
    <ClCompile Include="Source\aabb.cpp">
      <Filter>Source Files\Maths</Filter>
    </ClCompile>
    <ClCompile Include="Source\background.cpp">
      <Filter>Source Files\Images</Filter>
    </ClCompile>
    <ClCompile Include="Source\ball.cpp">
      <Filter>Source Files\Game Entities</Filter>
    </ClCompile>
    <ClCompile Include="Source\controller.cpp">
      <Filter>Source Files\Controller</Filter>
    </ClCompile>
    <ClCompile Include="Source\game.cpp">
      <Filter>Source Files\Game</Filter>
    </ClCompile>
    <ClCompile Include="Source\goalie.cpp">
      <Filter>Source Files\Game Entities</Filter>
    </ClCompile>
    <ClCompile Include="Source\headsUpDisplay.cpp">
      <Filter>Source Files\Display Tools</Filter>
    </ClCompile>
    <ClCompile Include="Source\main.cpp">
      <Filter>Source Files\Game</Filter>
    </ClCompile>
    <ClCompile Include="Source\object.cpp">
      <Filter>Source Files\Game Entities</Filter>
    </ClCompile>
    <ClCompile Include="Source\object_manager.cpp">
      <Filter>Source Files\Game Entities</Filter>
    </ClCompile>
    <ClCompile Include="Source\scene.cpp">
      <Filter>Source Files\Game</Filter>
    </ClCompile>
    <ClCompile Include="Source\screen_text.cpp">
      <Filter>Source Files\Display Tools</Filter>
    </ClCompile>
    <ClCompile Include="Source\vector2D.cpp">
      <Filter>Source Files\Maths</Filter>
    </ClCompile>
    <ClCompile Include="Source\footballer.cpp">
      <Filter>Source Files\Game Entities</Filter>
    </ClCompile>
    <ClCompile Include="Source\spectator.cpp">
      <Filter>Source Files\Game Entities</Filter>
    </ClCompile>
    <ClCompile Include="Source\audio.cpp">
      <Filter>Source Files</Filter>
    </ClCompile>
    <ClCompile Include="Source\highScoreEntry.cpp">
      <Filter>Source Files\Game</Filter>
    </ClCompile>
  </ItemGroup>
  <ItemGroup>
    <ClInclude Include="Source\ball.h">
      <Filter>Header Files\Game Entities</Filter>
    </ClInclude>
    <ClInclude Include="Source\goalie.h">
      <Filter>Header Files\Game Entities</Filter>
    </ClInclude>
    <ClInclude Include="Source\screen_text.h">
      <Filter>Header Files\Display Tools</Filter>
    </ClInclude>
    <ClInclude Include="Source\headsUpDisplay.h">
      <Filter>Header Files\Display Tools</Filter>
    </ClInclude>
    <ClInclude Include="Source\background.h">
      <Filter>Header Files\Images</Filter>
    </ClInclude>
    <ClInclude Include="Source\controller.h">
      <Filter>Header Files\Controller</Filter>
    </ClInclude>
    <ClInclude Include="Source\aabb.h">
      <Filter>Header Files\Maths</Filter>
    </ClInclude>
    <ClInclude Include="Source\vector2D.h">
      <Filter>Header Files\Maths</Filter>
    </ClInclude>
    <ClInclude Include="Source\object.h">
      <Filter>Header Files\Game Entities</Filter>
    </ClInclude>
    <ClInclude Include="Source\object_manager.h">
      <Filter>Header Files\Game Entities</Filter>
    </ClInclude>
    <ClInclude Include="Source\scene.h">
      <Filter>Header Files\Game</Filter>
    </ClInclude>
    <ClInclude Include="Source\game.h">
      <Filter>Header Files\Game</Filter>
    </ClInclude>
    <ClInclude Include="resource.h">
      <Filter>Header Files</Filter>
    </ClInclude>
    <ClInclude Include="Source\footballer.h">
      <Filter>Header Files\Game Entities</Filter>
    </ClInclude>
    <ClInclude Include="Source\spectator.h">
      <Filter>Header Files\Game Entities</Filter>
    </ClInclude>
    <ClInclude Include="Source\audio.h">
      <Filter>Header Files</Filter>
    </ClInclude>
    <ClInclude Include="Source\highScoreEntry.h">
      <Filter>Header Files\Game</Filter>
    </ClInclude>
  </ItemGroup>
  <ItemGroup>
    <ResourceCompile Include="Goaliegame.rc">
      <Filter>Resource Files</Filter>
    </ResourceCompile>
  </ItemGroup>
</Project>